version = 1
revision = 2
requires-python = ">=3.12"

[[package]]
name = "cython"
version = "3.1.4"
source = { registry = "https://pypi.org/simple" }
sdist = { url = "https://files.pythonhosted.org/packages/a7/f6/d762df1f436a0618455d37f4e4c4872a7cd0dcfc8dec3022ee99e4389c69/cython-3.1.4.tar.gz", hash = "sha256:9aefefe831331e2d66ab31799814eae4d0f8a2d246cbaaaa14d1be29ef777683", size = 3190778, upload-time = "2025-09-16T07:20:33.531Z" }
wheels = [
    { url = "https://files.pythonhosted.org/packages/f0/51/2939c739cfdc67ab94935a2c4fcc75638afd15e1954552655503a4112e92/cython-3.1.4-cp312-cp312-macosx_10_13_x86_64.whl", hash = "sha256:0d26af46505d0e54fe0f05e7ad089fd0eed8fa04f385f3ab88796f554467bcb9", size = 3062976, upload-time = "2025-09-16T07:22:20.517Z" },
    { url = "https://files.pythonhosted.org/packages/eb/bd/a84de57fd01017bf5dba84a49aeee826db21112282bf8d76ab97567ee15d/cython-3.1.4-cp312-cp312-macosx_11_0_arm64.whl", hash = "sha256:66ac8bb5068156c92359e3f0eefa138c177d59d1a2e8a89467881fa7d06aba3b", size = 2970701, upload-time = "2025-09-16T07:22:22.644Z" },
    { url = "https://files.pythonhosted.org/packages/71/79/a09004c8e42f5be188c7636b1be479cdb244a6d8837e1878d062e4e20139/cython-3.1.4-cp312-cp312-manylinux1_i686.manylinux_2_28_i686.manylinux_2_5_i686.whl", hash = "sha256:cb2e42714faec723d2305607a04bafb49a48a8d8f25dd39368d884c058dbcfbc", size = 3387730, upload-time = "2025-09-16T07:22:24.271Z" },
    { url = "https://files.pythonhosted.org/packages/fb/bd/979f8c59e247f562642f3eb98a1b453530e1f7954ef071835c08ed2bf6ba/cython-3.1.4-cp312-cp312-manylinux2014_aarch64.manylinux_2_17_aarch64.manylinux_2_28_aarch64.whl", hash = "sha256:c0fd655b27997a209a574873304ded9629de588f021154009e8f923475e2c677", size = 3167289, upload-time = "2025-09-16T07:22:26.35Z" },
    { url = "https://files.pythonhosted.org/packages/34/f8/0b98537f0b4e8c01f76d2a6cf75389987538e4d4ac9faf25836fd18c9689/cython-3.1.4-cp312-cp312-manylinux2014_x86_64.manylinux_2_17_x86_64.manylinux_2_28_x86_64.whl", hash = "sha256:9def7c41f4dc339003b1e6875f84edf059989b9c7f5e9a245d3ce12c190742d9", size = 3321099, upload-time = "2025-09-16T07:22:27.957Z" },
    { url = "https://files.pythonhosted.org/packages/f3/39/437968a2e7c7f57eb6e1144f6aca968aa15fbbf169b2d4da5d1ff6c21442/cython-3.1.4-cp312-cp312-musllinux_1_2_aarch64.whl", hash = "sha256:196555584a8716bf7e017e23ca53e9f632ed493f9faa327d0718e7551588f55d", size = 3179897, upload-time = "2025-09-16T07:22:30.014Z" },
    { url = "https://files.pythonhosted.org/packages/2c/04/b3f42915f034d133f1a34e74a2270bc2def02786f9b40dc9028fbb968814/cython-3.1.4-cp312-cp312-musllinux_1_2_i686.whl", hash = "sha256:7fff0e739e07a20726484b8898b8628a7b87acb960d0fc5486013c6b77b7bb97", size = 3400936, upload-time = "2025-09-16T07:22:31.705Z" },
    { url = "https://files.pythonhosted.org/packages/21/eb/2ad9fa0896ab6cf29875a09a9f4aaea37c28b79b869a013bf9b58e4e652e/cython-3.1.4-cp312-cp312-musllinux_1_2_x86_64.whl", hash = "sha256:c2754034fa10f95052949cd6b07eb2f61d654c1b9cfa0b17ea53a269389422e8", size = 3332131, upload-time = "2025-09-16T07:22:33.32Z" },
    { url = "https://files.pythonhosted.org/packages/3c/bf/f19283f8405e7e564c3353302a8665ea2c589be63a8e1be1b503043366a9/cython-3.1.4-cp312-cp312-win32.whl", hash = "sha256:2e0808ff3614a1dbfd1adfcbff9b2b8119292f1824b3535b4a173205109509f8", size = 2487672, upload-time = "2025-09-16T07:22:35.227Z" },
    { url = "https://files.pythonhosted.org/packages/30/bf/32150a2e6c7b50b81c5dc9e942d41969400223a9c49d04e2ed955709894c/cython-3.1.4-cp312-cp312-win_amd64.whl", hash = "sha256:f262b32327b6bce340cce5d45bbfe3972cb62543a4930460d8564a489f3aea12", size = 2705348, upload-time = "2025-09-16T07:22:37.922Z" },
    { url = "https://files.pythonhosted.org/packages/24/10/1acc34f4d2d14de38e2d3ab4795ad1c8f547cebc2d9e7477a49a063ba607/cython-3.1.4-cp313-cp313-macosx_10_13_x86_64.whl", hash = "sha256:ab549d0fc187804e0f14fc4759e4b5ad6485ffc01554b2f8b720cc44aeb929cd", size = 3051524, upload-time = "2025-09-16T07:22:40.607Z" },
    { url = "https://files.pythonhosted.org/packages/04/85/8457a78e9b9017a4fb0289464066ff2e73c5885f1edb9c1b9faaa2877fe2/cython-3.1.4-cp313-cp313-macosx_11_0_arm64.whl", hash = "sha256:52eae5d9bcc515441a436dcae2cbadfd00c5063d4d7809bd0178931690c06a76", size = 2958862, upload-time = "2025-09-16T07:22:42.646Z" },
    { url = "https://files.pythonhosted.org/packages/c4/a8/42989748b63ec56c5b950fd26ec01fc77f9cf72dc318eb2eee257a6b652c/cython-3.1.4-cp313-cp313-manylinux1_i686.manylinux_2_28_i686.manylinux_2_5_i686.whl", hash = "sha256:6f06345cfa583dd17fff1beedb237853689b85aa400ea9e0db7e5265f3322d15", size = 3364296, upload-time = "2025-09-16T07:22:44.444Z" },
    { url = "https://files.pythonhosted.org/packages/98/9d/b27d5d402552932875f2b8f795385dabd27525a8a6645010c876fe84a0f9/cython-3.1.4-cp313-cp313-manylinux2014_aarch64.manylinux_2_17_aarch64.manylinux_2_28_aarch64.whl", hash = "sha256:f5d915556c757212cb8ddd4e48c16f2ab481dbb9a76f5153ab26f418c3537eb5", size = 3154391, upload-time = "2025-09-16T07:22:46.852Z" },
    { url = "https://files.pythonhosted.org/packages/65/55/742737e40f7a3f1963440d66322b5fa93844762dd7a3a23d9b5b1d0d594e/cython-3.1.4-cp313-cp313-manylinux2014_x86_64.manylinux_2_17_x86_64.manylinux_2_28_x86_64.whl", hash = "sha256:c3f3bb603f28b3c1df66baaa5cdbf6029578552b458f1d321bae23b87f6c3199", size = 3305883, upload-time = "2025-09-16T07:22:48.55Z" },
    { url = "https://files.pythonhosted.org/packages/98/3f/0baecd7ac0fac2dbb47acd7f0970c298f38d0504774c5552cf6224bdf3e6/cython-3.1.4-cp313-cp313-musllinux_1_2_aarch64.whl", hash = "sha256:7aff230893ee1044e7bc98d313c034ead70a3dd54d4d22e89ca1734540d94084", size = 3170437, upload-time = "2025-09-16T07:22:50.213Z" },
    { url = "https://files.pythonhosted.org/packages/74/18/1ec53e2cf10a8064c7faa305b105b9c45af619ee30a6f1f7eb91efbb304b/cython-3.1.4-cp313-cp313-musllinux_1_2_i686.whl", hash = "sha256:8e83f114c04f72f85591ddb0b28f08ab2e40d250c26686d6509c0f70a9e2ca34", size = 3377458, upload-time = "2025-09-16T07:22:52.192Z" },
    { url = "https://files.pythonhosted.org/packages/bd/8c/3d0839cf0b315157974bf283d4bd658f5c30277091ad34c093f286c59e0f/cython-3.1.4-cp313-cp313-musllinux_1_2_x86_64.whl", hash = "sha256:8096394960d38b793545753b73781bc0ec695f0b8c22454431704b297e296045", size = 3318723, upload-time = "2025-09-16T07:22:54.322Z" },
    { url = "https://files.pythonhosted.org/packages/c6/05/67b4de710a3109030d868e23d5dccf35559afa4c089b4c0aa9e22ffda1f1/cython-3.1.4-cp313-cp313-win32.whl", hash = "sha256:4e7c726ac753ca1a5aa30286cbadcd10ed4b4312ea710a8a16bb908d41e9c059", size = 2481433, upload-time = "2025-09-16T07:22:56.409Z" },
    { url = "https://files.pythonhosted.org/packages/89/ef/f179b5a46185bc5550c07b328d687ee32251963a3a93e869b75fbf97181c/cython-3.1.4-cp313-cp313-win_amd64.whl", hash = "sha256:f2ee2bb77943044f301cec04d0b51d8e3810507c9c250d6cd079a3e2d6ba88f2", size = 2703057, upload-time = "2025-09-16T07:22:57.994Z" },
    { url = "https://files.pythonhosted.org/packages/38/85/f1380e8370b470b218e452ba3995555524e3652f026333e6bad6c68770b5/cython-3.1.4-cp314-cp314-macosx_10_13_x86_64.whl", hash = "sha256:c7258739d5560918741cb040bd85ba7cc2f09d868de9116a637e06714fec1f69", size = 3045864, upload-time = "2025-09-16T07:22:59.854Z" },
    { url = "https://files.pythonhosted.org/packages/a3/31/54c7bc78df1e55ac311054cb2fd33908f23b8a6f350c30defeca416d8077/cython-3.1.4-cp314-cp314-macosx_11_0_arm64.whl", hash = "sha256:b2d522ee8d3528035e247ee721fb40abe92e9ea852dc9e48802cec080d5de859", size = 2967105, upload-time = "2025-09-16T07:23:01.666Z" },
    { url = "https://files.pythonhosted.org/packages/02/02/89f70e71972f796863429b159c8e8e858b85bedbc9c747d167a5c6f6417e/cython-3.1.4-cp314-cp314-manylinux1_i686.manylinux_2_28_i686.manylinux_2_5_i686.whl", hash = "sha256:a4e0560baeb56c29d7d8d693a050dd4d2ed922d8d7c66f5c5715c6f2be84e903", size = 3363386, upload-time = "2025-09-16T07:23:03.39Z" },
    { url = "https://files.pythonhosted.org/packages/2a/34/eda836ae260013d4dd1c7aaa8dd6f7d7862206ba3354db5d8f55a8f6ef67/cython-3.1.4-cp314-cp314-manylinux2014_aarch64.manylinux_2_17_aarch64.manylinux_2_28_aarch64.whl", hash = "sha256:4223cacc81cba0df0f06f79657c5d6286e153b9a9b989dad1cdf4666f618c073", size = 3192314, upload-time = "2025-09-16T07:23:05.354Z" },
    { url = "https://files.pythonhosted.org/packages/7e/fa/db8224f7fe7ec1ebdab0b5e71b5a8269c112645c4eac2464ef0735bb395e/cython-3.1.4-cp314-cp314-manylinux2014_x86_64.manylinux_2_17_x86_64.manylinux_2_28_x86_64.whl", hash = "sha256:ff4d1f159edee6af38572318681388fbd6448b0d08b9a47494aaf0b698e93394", size = 3312222, upload-time = "2025-09-16T07:23:07.066Z" },
    { url = "https://files.pythonhosted.org/packages/62/09/419262657800dee7202a76956cd52896a6e8793bbbecc2592a4ebba2e034/cython-3.1.4-cp314-cp314-musllinux_1_2_aarch64.whl", hash = "sha256:2537c53071a9a124e0bc502a716e1930d9bb101e94c26673016cf1820e4fdbd1", size = 3208798, upload-time = "2025-09-16T07:23:08.758Z" },
    { url = "https://files.pythonhosted.org/packages/6e/d8/f140c7b9356a29660dc05591272e33062df964b9d1a072d09e89ade41087/cython-3.1.4-cp314-cp314-musllinux_1_2_i686.whl", hash = "sha256:85416717c529fb5ccf908464657a5187753e76d7b6ffec9b1c2d91544f6c3628", size = 3379662, upload-time = "2025-09-16T07:23:10.511Z" },
    { url = "https://files.pythonhosted.org/packages/e9/e8/83cf9a9cf64cbfe4eaf3987a633be08243f838b7d12e5739831297b77311/cython-3.1.4-cp314-cp314-musllinux_1_2_x86_64.whl", hash = "sha256:18882e2f5c0e0c25f9c44f16f2fb9c48f33988885c5f9eae2856f10c6f089ffa", size = 3324255, upload-time = "2025-09-16T07:23:12.267Z" },
    { url = "https://files.pythonhosted.org/packages/0c/f8/f2033044687cf6296275fa71cdf63a247d3646a3e276aa002e65bf505f46/cython-3.1.4-cp314-cp314-win32.whl", hash = "sha256:8ef8deadc888eaf95e5328fc176fb6c37bccee1213f07517c6ea55b5f817c457", size = 2503665, upload-time = "2025-09-16T07:23:14.372Z" },
    { url = "https://files.pythonhosted.org/packages/04/57/7af75a803d55610d570d7b7a0fdc2bfd82fae030c728089cc628562d67f9/cython-3.1.4-cp314-cp314-win_amd64.whl", hash = "sha256:acb99ddec62ba1ea5de0e0087760fa834ec42c94f0488065a4f1995584e8e94e", size = 2734608, upload-time = "2025-09-16T07:23:16.025Z" },
    { url = "https://files.pythonhosted.org/packages/7c/24/f7351052cf9db771fe4f32fca47fd66e6d9b53d8613b17faf7d130a9d553/cython-3.1.4-py3-none-any.whl", hash = "sha256:d194d95e4fa029a3f6c7d46bdd16d973808c7ea4797586911fdb67cb98b1a2c6", size = 1227541, upload-time = "2025-09-16T07:20:29.595Z" },
]

[[package]]
name = "polyleven"
version = "0.9.0"
source = { registry = "https://pypi.org/simple" }
sdist = { url = "https://files.pythonhosted.org/packages/5c/a9/5fcf2c4d77270d9f8cd5e3d1c878ca7ffcab22debc27c16d9c67288632de/polyleven-0.9.0.tar.gz", hash = "sha256:299a93766761b5e5fb4092388f3dc6401224fd436c05f11c4ee48b262587e8da", size = 6274, upload-time = "2025-02-26T08:25:21.812Z" }
wheels = [
    { url = "https://files.pythonhosted.org/packages/ce/ef/558fe641a3e80a1525b2958b61a42fe966ea4a933c589993d650982d5363/polyleven-0.9.0-cp312-cp312-macosx_11_0_arm64.whl", hash = "sha256:1b9c905fa0862c1f3e27e948a713fb86a26ce1659f1d90b1b4aff04a8890213b", size = 7332, upload-time = "2025-02-26T08:24:25.949Z" },
    { url = "https://files.pythonhosted.org/packages/ee/08/ed89a4f97d8ae158e49996f96cef27aa84c376ba91e659e5b75060dc7d45/polyleven-0.9.0-cp312-cp312-manylinux_2_5_i686.manylinux1_i686.manylinux_2_17_i686.manylinux2014_i686.whl", hash = "sha256:7058bea0da4893ebb8bedd9f638ec4e026c150e29b7b7385db5c157742d0ff11", size = 22749, upload-time = "2025-02-26T08:24:27.888Z" },
    { url = "https://files.pythonhosted.org/packages/fe/5a/293585bbf05af28184ad63098e9505fd5e590baae20f771b733847576b9e/polyleven-0.9.0-cp312-cp312-manylinux_2_5_x86_64.manylinux1_x86_64.manylinux_2_17_x86_64.manylinux2014_x86_64.whl", hash = "sha256:b99fcfc48c1eaacc4a46dd9d22dc98de111120c66b56df14257f276b762bd591", size = 21060, upload-time = "2025-02-26T08:24:29.802Z" },
    { url = "https://files.pythonhosted.org/packages/4f/17/038034494567e74f7b0a1452d31070fe9abc6294b8cda69831b3795e2190/polyleven-0.9.0-cp312-cp312-musllinux_1_2_i686.whl", hash = "sha256:29ef7db85a7bb01be9372461bc8d8993d4817dfcea702e4d2b8f0d9c43415ebe", size = 21654, upload-time = "2025-02-26T08:24:31.354Z" },
    { url = "https://files.pythonhosted.org/packages/c8/49/6bc884ecd64d6635d7c7c77948f524280c459a476001560bee17930e6b3f/polyleven-0.9.0-cp312-cp312-musllinux_1_2_x86_64.whl", hash = "sha256:288bfe0a0040421c52a5dc312b55c47812a72fb9cd7e6d19859ac2f9f11f350f", size = 20518, upload-time = "2025-02-26T08:24:32.628Z" },
    { url = "https://files.pythonhosted.org/packages/8c/16/d164c846a673504eeb461519c7f2877af6c216c73ac94ac7e9e8de7e903f/polyleven-0.9.0-cp312-cp312-win32.whl", hash = "sha256:7260fa32fff7194e06b4221e0a6d2ba2decd4e4dc51f7f8cddbf365649326ee4", size = 11298, upload-time = "2025-02-26T08:24:33.645Z" },
    { url = "https://files.pythonhosted.org/packages/f8/ef/96069efc5f959c19c53d44a561d52d5588d87ed7f4f5c481b34926114afc/polyleven-0.9.0-cp312-cp312-win_amd64.whl", hash = "sha256:4db8b16aac237dbf644a0e4323c3ba0907dab6adecd2a345bf2fa92301d7fb2d", size = 10674, upload-time = "2025-02-26T08:24:35.48Z" },
    { url = "https://files.pythonhosted.org/packages/a9/42/ddd88c802aec287d678537844a0ea77ab8152a0cfe7fafe9736da256fdbf/polyleven-0.9.0-cp313-cp313-macosx_11_0_arm64.whl", hash = "sha256:45cea2885c61bda9711244a51aed068f9a55f1d776d4caad6c574a3f401945ae", size = 7342, upload-time = "2025-02-26T08:24:36.706Z" },
    { url = "https://files.pythonhosted.org/packages/06/e4/d3b3ea3a931117f0dc79f095c0523cad533773290e66b4d719dfbc6c54f2/polyleven-0.9.0-cp313-cp313-manylinux_2_5_i686.manylinux1_i686.manylinux_2_17_i686.manylinux2014_i686.whl", hash = "sha256:62b039e9dc8fa53ad740de02d168a7e9d0edce3734b2927f40fe851b328b766f", size = 22691, upload-time = "2025-02-26T08:24:37.752Z" },
    { url = "https://files.pythonhosted.org/packages/ef/5c/61faf77ed4de6ee2b7f137db12d4d49b96d71e03e2157a06352d54cd4d39/polyleven-0.9.0-cp313-cp313-manylinux_2_5_x86_64.manylinux1_x86_64.manylinux_2_17_x86_64.manylinux2014_x86_64.whl", hash = "sha256:e0a0c1ecd2dc356fd94edc80e18a30ad28e93ccc840127e765b83ad60426b2d5", size = 21018, upload-time = "2025-02-26T08:24:41.034Z" },
    { url = "https://files.pythonhosted.org/packages/40/ef/6404cbd3934a77bf7776173366e8e39846a6bd0128e2cf9714753dc0b512/polyleven-0.9.0-cp313-cp313-musllinux_1_2_i686.whl", hash = "sha256:20576da0c8000bd1c4a07cee43db9169b7d094f5dcc03b20775506d07c56f4fb", size = 21671, upload-time = "2025-02-26T08:24:42.193Z" },
    { url = "https://files.pythonhosted.org/packages/4d/39/d20098cef731f42b84b58af676910333a68782060298326849489d4bf884/polyleven-0.9.0-cp313-cp313-musllinux_1_2_x86_64.whl", hash = "sha256:ba356ce9e7e7e8ddf4eff17eb39df5b822cb8899450c6d289a22249b78c9a5f4", size = 20542, upload-time = "2025-02-26T08:24:43.661Z" },
    { url = "https://files.pythonhosted.org/packages/b6/2d/4b47edc0467ded497d95cb1fdb13dc138b4abf01f53597bcf47c01e111ea/polyleven-0.9.0-cp313-cp313-win32.whl", hash = "sha256:244d759986486252121061d727a642d3505cbdd9e6616467b42935e662a9fa61", size = 11299, upload-time = "2025-02-26T08:24:44.69Z" },
    { url = "https://files.pythonhosted.org/packages/47/c9/b4584ddbd246e221f17fb90bd902653ca1564d1e60b8c87fe4ed46f30b54/polyleven-0.9.0-cp313-cp313-win_amd64.whl", hash = "sha256:8f671df664924b3ec14195be7bf778d5f71811989e59a3f9547f8066cefc596f", size = 10676, upload-time = "2025-02-26T08:24:45.779Z" },
]

[[package]]
name = "sequence-clustering"
version = "0.1.0"
source = { editable = "." }
dependencies = [
    { name = "cython" },
    { name = "polyleven" },
]

[package.metadata]
requires-dist = [
    { name = "cython", specifier = ">=3.0.0" },
    { name = "polyleven", specifier = ">=0.9.0" },
]
